
Microsoft Visual Studio Solution File, Format Version 12.00
# Visual Studio Version 16
VisualStudioVersion = 16.0.32428.217
MinimumVisualStudioVersion = 10.0.40219.1
Project("{8BC9CEB8-8B4A-11D0-8D11-00A0C91BC942}") = "Tag3_04SharedPointer", "Tag3_04SharedPointer\Tag3_04SharedPointer.vcxproj", "{69D8050A-D67B-4CD8-A23C-077132ABCE0A}"
EndProject
Global
	GlobalSection(SolutionConfigurationPlatforms) = preSolution
		Debug|x64 = Debug|x64
		Debug|x86 = Debug|x86
		Release|x64 = Release|x64
		Release|x86 = Release|x86
	EndGlobalSection
	GlobalSection(ProjectConfigurationPlatforms) = postSolution
		{69D8050A-D67B-4CD8-A23C-077132ABCE0A}.Debug|x64.ActiveCfg = Debug|x64
		{69D8050A-D67B-4CD8-A23C-077132ABCE0A}.Debug|x64.Build.0 = Debug|x64
		{69D8050A-D67B-4CD8-A23C-077132ABCE0A}.Debug|x86.ActiveCfg = Debug|Win32
		{69D8050A-D67B-4CD8-A23C-077132ABCE0A}.Debug|x86.Build.0 = Debug|Win32
		{69D8050A-D67B-4CD8-A23C-077132ABCE0A}.Release|x64.ActiveCfg = Release|x64
		{69D8050A-D67B-4CD8-A23C-077132ABCE0A}.Release|x64.Build.0 = Release|x64
		{69D8050A-D67B-4CD8-A23C-077132ABCE0A}.Release|x86.ActiveCfg = Release|Win32
		{69D8050A-D67B-4CD8-A23C-077132ABCE0A}.Release|x86.Build.0 = Release|Win32
	EndGlobalSection
	GlobalSection(SolutionProperties) = preSolution
		HideSolutionNode = FALSE
	EndGlobalSection
	GlobalSection(ExtensibilityGlobals) = postSolution
		SolutionGuid = {1B19B417-AA32-483E-BC74-738A4DAA6789}
	EndGlobalSection
EndGlobal
