
Microsoft Visual Studio Solution File, Format Version 12.00
# Visual Studio Version 16
VisualStudioVersion = 16.0.32428.217
MinimumVisualStudioVersion = 10.0.40219.1
Project("{8BC9CEB8-8B4A-11D0-8D11-00A0C91BC942}") = "Tag2_02StapelMitTemplate", "Tag2_02StapelMitTemplate\Tag2_02StapelMitTemplate.vcxproj", "{90B18B95-4F6B-4120-968F-552594E8D75D}"
EndProject
Global
	GlobalSection(SolutionConfigurationPlatforms) = preSolution
		Debug|x64 = Debug|x64
		Debug|x86 = Debug|x86
		Release|x64 = Release|x64
		Release|x86 = Release|x86
	EndGlobalSection
	GlobalSection(ProjectConfigurationPlatforms) = postSolution
		{90B18B95-4F6B-4120-968F-552594E8D75D}.Debug|x64.ActiveCfg = Debug|x64
		{90B18B95-4F6B-4120-968F-552594E8D75D}.Debug|x64.Build.0 = Debug|x64
		{90B18B95-4F6B-4120-968F-552594E8D75D}.Debug|x86.ActiveCfg = Debug|Win32
		{90B18B95-4F6B-4120-968F-552594E8D75D}.Debug|x86.Build.0 = Debug|Win32
		{90B18B95-4F6B-4120-968F-552594E8D75D}.Release|x64.ActiveCfg = Release|x64
		{90B18B95-4F6B-4120-968F-552594E8D75D}.Release|x64.Build.0 = Release|x64
		{90B18B95-4F6B-4120-968F-552594E8D75D}.Release|x86.ActiveCfg = Release|Win32
		{90B18B95-4F6B-4120-968F-552594E8D75D}.Release|x86.Build.0 = Release|Win32
	EndGlobalSection
	GlobalSection(SolutionProperties) = preSolution
		HideSolutionNode = FALSE
	EndGlobalSection
	GlobalSection(ExtensibilityGlobals) = postSolution
		SolutionGuid = {24B08AF6-5CE7-43A4-AFDA-FA745E3FA4BB}
	EndGlobalSection
EndGlobal
