
Microsoft Visual Studio Solution File, Format Version 12.00
# Visual Studio Version 16
VisualStudioVersion = 16.0.32428.217
MinimumVisualStudioVersion = 10.0.40219.1
Project("{8BC9CEB8-8B4A-11D0-8D11-00A0C91BC942}") = "Tag1.02Geometrie", "Tag1.02Geometrie\Tag1.02Geometrie.vcxproj", "{9566C549-4F55-46A5-B5EC-18EE0A6CC610}"
EndProject
Global
	GlobalSection(SolutionConfigurationPlatforms) = preSolution
		Debug|x64 = Debug|x64
		Debug|x86 = Debug|x86
		Release|x64 = Release|x64
		Release|x86 = Release|x86
	EndGlobalSection
	GlobalSection(ProjectConfigurationPlatforms) = postSolution
		{9566C549-4F55-46A5-B5EC-18EE0A6CC610}.Debug|x64.ActiveCfg = Debug|x64
		{9566C549-4F55-46A5-B5EC-18EE0A6CC610}.Debug|x64.Build.0 = Debug|x64
		{9566C549-4F55-46A5-B5EC-18EE0A6CC610}.Debug|x86.ActiveCfg = Debug|Win32
		{9566C549-4F55-46A5-B5EC-18EE0A6CC610}.Debug|x86.Build.0 = Debug|Win32
		{9566C549-4F55-46A5-B5EC-18EE0A6CC610}.Release|x64.ActiveCfg = Release|x64
		{9566C549-4F55-46A5-B5EC-18EE0A6CC610}.Release|x64.Build.0 = Release|x64
		{9566C549-4F55-46A5-B5EC-18EE0A6CC610}.Release|x86.ActiveCfg = Release|Win32
		{9566C549-4F55-46A5-B5EC-18EE0A6CC610}.Release|x86.Build.0 = Release|Win32
	EndGlobalSection
	GlobalSection(SolutionProperties) = preSolution
		HideSolutionNode = FALSE
	EndGlobalSection
	GlobalSection(ExtensibilityGlobals) = postSolution
		SolutionGuid = {EA107394-BA4D-4BE6-986D-3923FE1A51C2}
	EndGlobalSection
EndGlobal
